
Microsoft Visual Studio Solution File, Format Version 12.00
# Visual Studio 15
VisualStudioVersion = 15.0.27703.2000
MinimumVisualStudioVersion = 10.0.40219.1
Project("{2150E333-8FDC-42A3-9474-1A3956D46DE8}") = "Tests", "Tests", "{DFBB2CD0-8AE0-486B-A738-A096F3108E13}"
EndProject
Project("{2150E333-8FDC-42A3-9474-1A3956D46DE8}") = "Domain", "Domain", "{038A4CF5-A938-4A43-B9A7-1B92B30F3795}"
EndProject
Project("{2150E333-8FDC-42A3-9474-1A3956D46DE8}") = "Infrastructure", "Infrastructure", "{A4E61C02-13DC-438A-AFB2-38B4359F6BF5}"
EndProject
Project("{2150E333-8FDC-42A3-9474-1A3956D46DE8}") = "Presentation", "Presentation", "{D334BDE5-F3A4-4CEC-9308-3BE943759719}"
EndProject
Project("{2150E333-8FDC-42A3-9474-1A3956D46DE8}") = "Unit", "Unit", "{79ADD856-B725-464F-8D2A-A4D04F531566}"
EndProject
Project("{2150E333-8FDC-42A3-9474-1A3956D46DE8}") = "Integration", "Integration", "{011C36F8-4B33-4AC4-8D7E-3872CC6633F9}"
EndProject
Project("{2150E333-8FDC-42A3-9474-1A3956D46DE8}") = "Rest", "Rest", "{97B34368-BFFA-435F-B36D-DDBC80B5BA9A}"
EndProject
Project("{2150E333-8FDC-42A3-9474-1A3956D46DE8}") = "Mapping", "Mapping", "{E2326E51-665E-49C5-9AEC-9086A0BCD924}"
EndProject
Project("{2150E333-8FDC-42A3-9474-1A3956D46DE8}") = "Logging", "Logging", "{9628C3C7-B040-4EA6-BECA-1C83FCB9E6B6}"
EndProject
Project("{2150E333-8FDC-42A3-9474-1A3956D46DE8}") = "Repositories", "Repositories", "{EB2D153A-63A2-46B4-85BA-3638CCF5B607}"
EndProject
Project("{2150E333-8FDC-42A3-9474-1A3956D46DE8}") = "Models", "Models", "{C75646E6-11CE-409C-A6AA-E7E3F0343F6D}"
EndProject
Project("{2150E333-8FDC-42A3-9474-1A3956D46DE8}") = "DomainServices", "DomainServices", "{395E5515-24DF-4446-8088-A2BBD567E941}"
EndProject
Project("{2150E333-8FDC-42A3-9474-1A3956D46DE8}") = "DomainContracts", "DomainContracts", "{FFA0C886-8141-436D-9ACD-309BFB30ED0C}"
EndProject
Project("{2150E333-8FDC-42A3-9474-1A3956D46DE8}") = "QueryObjects", "QueryObjects", "{7E24BB38-CDD1-4EBC-AF01-4878EAD6880B}"
EndProject
Project("{2150E333-8FDC-42A3-9474-1A3956D46DE8}") = "RepositoryContracts", "RepositoryContracts", "{9872023A-ECB8-473C-8866-3B7228D7A89C}"
EndProject
Project("{FAE04EC0-301F-11D3-BF4B-00C04F79EFBC}") = "Gilligan.API.DomainContracts", "Gilligan.API.DomainContracts\Gilligan.API.DomainContracts.csproj", "{B73BC5E0-8E57-4B91-B71E-631F81FBBA62}"
EndProject
Project("{FAE04EC0-301F-11D3-BF4B-00C04F79EFBC}") = "Gilligan.API.DomainServices", "Gilligan.API.DomainServices\Gilligan.API.DomainServices.csproj", "{F15B107B-FCB3-45DD-A467-643EBDA6174C}"
EndProject
Project("{FAE04EC0-301F-11D3-BF4B-00C04F79EFBC}") = "Gilligan.API.Models", "Gilligan.API.Models\Gilligan.API.Models.csproj", "{17140D7A-A2D4-4AD6-8375-6F8EA4F960FA}"
EndProject
Project("{FAE04EC0-301F-11D3-BF4B-00C04F79EFBC}") = "Gilligan.API.QueryObjects", "Gilligan.API.QueryObjects\Gilligan.API.QueryObjects.csproj", "{4CC2BC4C-99D5-4A1C-90A8-04E59B60060A}"
EndProject
Project("{FAE04EC0-301F-11D3-BF4B-00C04F79EFBC}") = "Gilligan.API.RepositoryContracts", "Gilligan.API.RepositoryContracts\Gilligan.API.RepositoryContracts.csproj", "{D584250B-C8CD-4AC3-ABFB-5356B104C253}"
EndProject
Project("{FAE04EC0-301F-11D3-BF4B-00C04F79EFBC}") = "Gilligan.API.Tests.Unit", "Gilligan.API.Tests.Unit\Gilligan.API.Tests.Unit.csproj", "{B3435634-29DC-497E-9D89-449FE85DF678}"
EndProject
Project("{FAE04EC0-301F-11D3-BF4B-00C04F79EFBC}") = "Gilligan.API.Tests.Integration", "Gilligan.API.Tests.Integration\Gilligan.API.Tests.Integration.csproj", "{52906CBB-7432-4907-BDC4-553BB794E861}"
EndProject
Project("{FAE04EC0-301F-11D3-BF4B-00C04F79EFBC}") = "Gilligan.API.Rest", "Gilligan.API.Rest\Gilligan.API.Rest.csproj", "{55A1E21A-562E-441F-9A08-0901FE74B6F2}"
EndProject
Project("{FAE04EC0-301F-11D3-BF4B-00C04F79EFBC}") = "Gilligan.API.Logging", "Gilligan.API.Logging\Gilligan.API.Logging.csproj", "{728EB0D5-92F1-4240-98B8-89D0B28E3417}"
EndProject
Project("{FAE04EC0-301F-11D3-BF4B-00C04F79EFBC}") = "Gilligan.API.Mapping", "Gilligan.API.Mapping\Gilligan.API.Mapping.csproj", "{90271917-DDED-4AD2-88BD-C18BD04ED7BC}"
EndProject
Project("{FAE04EC0-301F-11D3-BF4B-00C04F79EFBC}") = "Gilligan.API.Repositories", "Gilligan.API.Repositories\Gilligan.API.Repositories.csproj", "{2187AC55-3505-4250-9297-C384ED175DAA}"
EndProject
Project("{2150E333-8FDC-42A3-9474-1A3956D46DE8}") = "ViewModels", "ViewModels", "{78DF74CC-D47A-4281-BA45-509D2982EB8A}"
EndProject
Project("{FAE04EC0-301F-11D3-BF4B-00C04F79EFBC}") = "Gilligan.API.ViewModels", "Gilligan.API.ViewModels\Gilligan.API.ViewModels.csproj", "{8464CCF4-7071-4C64-9CD8-DE61E5C8EE6F}"
EndProject
Global
	GlobalSection(SolutionConfigurationPlatforms) = preSolution
		Debug|Any CPU = Debug|Any CPU
		Release|Any CPU = Release|Any CPU
	EndGlobalSection
	GlobalSection(ProjectConfigurationPlatforms) = postSolution
		{B73BC5E0-8E57-4B91-B71E-631F81FBBA62}.Debug|Any CPU.ActiveCfg = Debug|Any CPU
		{B73BC5E0-8E57-4B91-B71E-631F81FBBA62}.Debug|Any CPU.Build.0 = Debug|Any CPU
		{B73BC5E0-8E57-4B91-B71E-631F81FBBA62}.Release|Any CPU.ActiveCfg = Release|Any CPU
		{B73BC5E0-8E57-4B91-B71E-631F81FBBA62}.Release|Any CPU.Build.0 = Release|Any CPU
		{F15B107B-FCB3-45DD-A467-643EBDA6174C}.Debug|Any CPU.ActiveCfg = Debug|Any CPU
		{F15B107B-FCB3-45DD-A467-643EBDA6174C}.Debug|Any CPU.Build.0 = Debug|Any CPU
		{F15B107B-FCB3-45DD-A467-643EBDA6174C}.Release|Any CPU.ActiveCfg = Release|Any CPU
		{F15B107B-FCB3-45DD-A467-643EBDA6174C}.Release|Any CPU.Build.0 = Release|Any CPU
		{17140D7A-A2D4-4AD6-8375-6F8EA4F960FA}.Debug|Any CPU.ActiveCfg = Debug|Any CPU
		{17140D7A-A2D4-4AD6-8375-6F8EA4F960FA}.Debug|Any CPU.Build.0 = Debug|Any CPU
		{17140D7A-A2D4-4AD6-8375-6F8EA4F960FA}.Release|Any CPU.ActiveCfg = Release|Any CPU
		{17140D7A-A2D4-4AD6-8375-6F8EA4F960FA}.Release|Any CPU.Build.0 = Release|Any CPU
		{4CC2BC4C-99D5-4A1C-90A8-04E59B60060A}.Debug|Any CPU.ActiveCfg = Debug|Any CPU
		{4CC2BC4C-99D5-4A1C-90A8-04E59B60060A}.Debug|Any CPU.Build.0 = Debug|Any CPU
		{4CC2BC4C-99D5-4A1C-90A8-04E59B60060A}.Release|Any CPU.ActiveCfg = Release|Any CPU
		{4CC2BC4C-99D5-4A1C-90A8-04E59B60060A}.Release|Any CPU.Build.0 = Release|Any CPU
		{D584250B-C8CD-4AC3-ABFB-5356B104C253}.Debug|Any CPU.ActiveCfg = Debug|Any CPU
		{D584250B-C8CD-4AC3-ABFB-5356B104C253}.Debug|Any CPU.Build.0 = Debug|Any CPU
		{D584250B-C8CD-4AC3-ABFB-5356B104C253}.Release|Any CPU.ActiveCfg = Release|Any CPU
		{D584250B-C8CD-4AC3-ABFB-5356B104C253}.Release|Any CPU.Build.0 = Release|Any CPU
		{B3435634-29DC-497E-9D89-449FE85DF678}.Debug|Any CPU.ActiveCfg = Debug|Any CPU
		{B3435634-29DC-497E-9D89-449FE85DF678}.Debug|Any CPU.Build.0 = Debug|Any CPU
		{B3435634-29DC-497E-9D89-449FE85DF678}.Release|Any CPU.ActiveCfg = Release|Any CPU
		{B3435634-29DC-497E-9D89-449FE85DF678}.Release|Any CPU.Build.0 = Release|Any CPU
		{52906CBB-7432-4907-BDC4-553BB794E861}.Debug|Any CPU.ActiveCfg = Debug|Any CPU
		{52906CBB-7432-4907-BDC4-553BB794E861}.Debug|Any CPU.Build.0 = Debug|Any CPU
		{52906CBB-7432-4907-BDC4-553BB794E861}.Release|Any CPU.ActiveCfg = Release|Any CPU
		{52906CBB-7432-4907-BDC4-553BB794E861}.Release|Any CPU.Build.0 = Release|Any CPU
		{55A1E21A-562E-441F-9A08-0901FE74B6F2}.Debug|Any CPU.ActiveCfg = Debug|Any CPU
		{55A1E21A-562E-441F-9A08-0901FE74B6F2}.Debug|Any CPU.Build.0 = Debug|Any CPU
		{55A1E21A-562E-441F-9A08-0901FE74B6F2}.Release|Any CPU.ActiveCfg = Release|Any CPU
		{55A1E21A-562E-441F-9A08-0901FE74B6F2}.Release|Any CPU.Build.0 = Release|Any CPU
		{728EB0D5-92F1-4240-98B8-89D0B28E3417}.Debug|Any CPU.ActiveCfg = Debug|Any CPU
		{728EB0D5-92F1-4240-98B8-89D0B28E3417}.Debug|Any CPU.Build.0 = Debug|Any CPU
		{728EB0D5-92F1-4240-98B8-89D0B28E3417}.Release|Any CPU.ActiveCfg = Release|Any CPU
		{728EB0D5-92F1-4240-98B8-89D0B28E3417}.Release|Any CPU.Build.0 = Release|Any CPU
		{90271917-DDED-4AD2-88BD-C18BD04ED7BC}.Debug|Any CPU.ActiveCfg = Debug|Any CPU
		{90271917-DDED-4AD2-88BD-C18BD04ED7BC}.Debug|Any CPU.Build.0 = Debug|Any CPU
		{90271917-DDED-4AD2-88BD-C18BD04ED7BC}.Release|Any CPU.ActiveCfg = Release|Any CPU
		{90271917-DDED-4AD2-88BD-C18BD04ED7BC}.Release|Any CPU.Build.0 = Release|Any CPU
		{2187AC55-3505-4250-9297-C384ED175DAA}.Debug|Any CPU.ActiveCfg = Debug|Any CPU
		{2187AC55-3505-4250-9297-C384ED175DAA}.Debug|Any CPU.Build.0 = Debug|Any CPU
		{2187AC55-3505-4250-9297-C384ED175DAA}.Release|Any CPU.ActiveCfg = Release|Any CPU
		{2187AC55-3505-4250-9297-C384ED175DAA}.Release|Any CPU.Build.0 = Release|Any CPU
		{8464CCF4-7071-4C64-9CD8-DE61E5C8EE6F}.Debug|Any CPU.ActiveCfg = Debug|Any CPU
		{8464CCF4-7071-4C64-9CD8-DE61E5C8EE6F}.Debug|Any CPU.Build.0 = Debug|Any CPU
		{8464CCF4-7071-4C64-9CD8-DE61E5C8EE6F}.Release|Any CPU.ActiveCfg = Release|Any CPU
		{8464CCF4-7071-4C64-9CD8-DE61E5C8EE6F}.Release|Any CPU.Build.0 = Release|Any CPU
	EndGlobalSection
	GlobalSection(SolutionProperties) = preSolution
		HideSolutionNode = FALSE
	EndGlobalSection
	GlobalSection(NestedProjects) = preSolution
		{79ADD856-B725-464F-8D2A-A4D04F531566} = {DFBB2CD0-8AE0-486B-A738-A096F3108E13}
		{011C36F8-4B33-4AC4-8D7E-3872CC6633F9} = {DFBB2CD0-8AE0-486B-A738-A096F3108E13}
		{97B34368-BFFA-435F-B36D-DDBC80B5BA9A} = {D334BDE5-F3A4-4CEC-9308-3BE943759719}
		{E2326E51-665E-49C5-9AEC-9086A0BCD924} = {A4E61C02-13DC-438A-AFB2-38B4359F6BF5}
		{9628C3C7-B040-4EA6-BECA-1C83FCB9E6B6} = {A4E61C02-13DC-438A-AFB2-38B4359F6BF5}
		{EB2D153A-63A2-46B4-85BA-3638CCF5B607} = {A4E61C02-13DC-438A-AFB2-38B4359F6BF5}
		{C75646E6-11CE-409C-A6AA-E7E3F0343F6D} = {038A4CF5-A938-4A43-B9A7-1B92B30F3795}
		{395E5515-24DF-4446-8088-A2BBD567E941} = {038A4CF5-A938-4A43-B9A7-1B92B30F3795}
		{FFA0C886-8141-436D-9ACD-309BFB30ED0C} = {038A4CF5-A938-4A43-B9A7-1B92B30F3795}
		{7E24BB38-CDD1-4EBC-AF01-4878EAD6880B} = {038A4CF5-A938-4A43-B9A7-1B92B30F3795}
		{9872023A-ECB8-473C-8866-3B7228D7A89C} = {038A4CF5-A938-4A43-B9A7-1B92B30F3795}
		{B73BC5E0-8E57-4B91-B71E-631F81FBBA62} = {FFA0C886-8141-436D-9ACD-309BFB30ED0C}
		{F15B107B-FCB3-45DD-A467-643EBDA6174C} = {395E5515-24DF-4446-8088-A2BBD567E941}
		{17140D7A-A2D4-4AD6-8375-6F8EA4F960FA} = {C75646E6-11CE-409C-A6AA-E7E3F0343F6D}
		{4CC2BC4C-99D5-4A1C-90A8-04E59B60060A} = {7E24BB38-CDD1-4EBC-AF01-4878EAD6880B}
		{D584250B-C8CD-4AC3-ABFB-5356B104C253} = {9872023A-ECB8-473C-8866-3B7228D7A89C}
		{B3435634-29DC-497E-9D89-449FE85DF678} = {79ADD856-B725-464F-8D2A-A4D04F531566}
		{52906CBB-7432-4907-BDC4-553BB794E861} = {011C36F8-4B33-4AC4-8D7E-3872CC6633F9}
		{55A1E21A-562E-441F-9A08-0901FE74B6F2} = {97B34368-BFFA-435F-B36D-DDBC80B5BA9A}
		{728EB0D5-92F1-4240-98B8-89D0B28E3417} = {9628C3C7-B040-4EA6-BECA-1C83FCB9E6B6}
		{90271917-DDED-4AD2-88BD-C18BD04ED7BC} = {E2326E51-665E-49C5-9AEC-9086A0BCD924}
		{2187AC55-3505-4250-9297-C384ED175DAA} = {EB2D153A-63A2-46B4-85BA-3638CCF5B607}
		{78DF74CC-D47A-4281-BA45-509D2982EB8A} = {D334BDE5-F3A4-4CEC-9308-3BE943759719}
		{8464CCF4-7071-4C64-9CD8-DE61E5C8EE6F} = {78DF74CC-D47A-4281-BA45-509D2982EB8A}
	EndGlobalSection
	GlobalSection(ExtensibilityGlobals) = postSolution
		SolutionGuid = {2A6375F0-682A-48D7-8DA3-B6B19BD8AC8F}
	EndGlobalSection
EndGlobal
