
Microsoft Visual Studio Solution File, Format Version 12.00
# Visual Studio 15
VisualStudioVersion = 15.0.27703.2000
MinimumVisualStudioVersion = 10.0.40219.1
Project("{2150E333-8FDC-42A3-9474-1A3956D46DE8}") = "Presentation", "Presentation", "{BFD2BCAD-80BE-412D-9A88-F8A12D7A1A63}"
EndProject
Project("{2150E333-8FDC-42A3-9474-1A3956D46DE8}") = "MVC", "MVC", "{C030F29C-274B-4265-A13E-39DBEB72B587}"
EndProject
Project("{2150E333-8FDC-42A3-9474-1A3956D46DE8}") = "Tests", "Tests", "{684AF70C-2A77-4F70-9FCE-B578F06C0048}"
EndProject
Project("{2150E333-8FDC-42A3-9474-1A3956D46DE8}") = "Unit", "Unit", "{F571BC3F-EC15-4AB2-8032-5901A445CFA7}"
EndProject
Project("{2150E333-8FDC-42A3-9474-1A3956D46DE8}") = "Integration", "Integration", "{6042651E-D6DA-41F8-82B9-15221D7FAB25}"
EndProject
Project("{2150E333-8FDC-42A3-9474-1A3956D46DE8}") = "ViewModels", "ViewModels", "{28CCF011-6E43-45D2-B23F-29B22F613B2A}"
EndProject
Project("{FAE04EC0-301F-11D3-BF4B-00C04F79EFBC}") = "Gilligan.MVC.MVC", "Gilligan.MVC.MVC\Gilligan.MVC.MVC.csproj", "{D1D2C529-A95C-45D2-B270-C338A7602A25}"
EndProject
Project("{FAE04EC0-301F-11D3-BF4B-00C04F79EFBC}") = "Gilligan.MVC.ViewModels", "Gilligan.MVC.ViewModels\Gilligan.MVC.ViewModels.csproj", "{3F96A37C-7E37-48CE-83A8-63B8634FD7C2}"
EndProject
Project("{FAE04EC0-301F-11D3-BF4B-00C04F79EFBC}") = "Gilligan.MVC.Tests.Integration", "Gilligan.MVC.Tests.Integration\Gilligan.MVC.Tests.Integration.csproj", "{2412D125-825C-449B-B2F1-E3E7A769985F}"
EndProject
Project("{FAE04EC0-301F-11D3-BF4B-00C04F79EFBC}") = "Gilligan.MVC.Tests.Unit", "Gilligan.MVC.Tests.Unit\Gilligan.MVC.Tests.Unit.csproj", "{2889717B-AE27-4205-AB80-56ED0EDE57E0}"
EndProject
Project("{2150E333-8FDC-42A3-9474-1A3956D46DE8}") = "Domain", "Domain", "{C0FAE160-825F-43DE-966F-AF0F590D43FC}"
EndProject
Project("{2150E333-8FDC-42A3-9474-1A3956D46DE8}") = "DomainContracts", "DomainContracts", "{48B69EF1-2DF5-4920-B9F6-D13E31DBD93C}"
EndProject
Project("{2150E333-8FDC-42A3-9474-1A3956D46DE8}") = "DomainServices", "DomainServices", "{B179A245-54A3-4568-B848-F65A5BC42651}"
EndProject
Project("{FAE04EC0-301F-11D3-BF4B-00C04F79EFBC}") = "Gilligan.MVC.DomainContracts", "Gilligan.MVC.DomainContracts\Gilligan.MVC.DomainContracts.csproj", "{F5ADEF88-537E-4C62-BC7B-350504E22209}"
EndProject
Project("{2150E333-8FDC-42A3-9474-1A3956D46DE8}") = "Infrastructure", "Infrastructure", "{4F46CE1F-CA3D-4B3D-9930-1BB9A7887539}"
EndProject
Project("{2150E333-8FDC-42A3-9474-1A3956D46DE8}") = "Logging", "Logging", "{728524A4-713F-4946-9376-D6F1D08932D1}"
EndProject
Project("{FAE04EC0-301F-11D3-BF4B-00C04F79EFBC}") = "Gilligan.MVC.DomainServices", "Gilligan.MVC.DomainServices\Gilligan.MVC.DomainServices.csproj", "{B4E60EF9-17E6-4236-8659-905DF5BCAE02}"
EndProject
Project("{FAE04EC0-301F-11D3-BF4B-00C04F79EFBC}") = "Gilligan.MVC.Logging", "Gilligan.MVC.Logging\Gilligan.MVC.Logging.csproj", "{17EC23E8-8053-4CC7-971D-70164C619FC9}"
EndProject
Global
	GlobalSection(SolutionConfigurationPlatforms) = preSolution
		Debug|Any CPU = Debug|Any CPU
		Release|Any CPU = Release|Any CPU
	EndGlobalSection
	GlobalSection(ProjectConfigurationPlatforms) = postSolution
		{D1D2C529-A95C-45D2-B270-C338A7602A25}.Debug|Any CPU.ActiveCfg = Debug|Any CPU
		{D1D2C529-A95C-45D2-B270-C338A7602A25}.Debug|Any CPU.Build.0 = Debug|Any CPU
		{D1D2C529-A95C-45D2-B270-C338A7602A25}.Release|Any CPU.ActiveCfg = Release|Any CPU
		{D1D2C529-A95C-45D2-B270-C338A7602A25}.Release|Any CPU.Build.0 = Release|Any CPU
		{3F96A37C-7E37-48CE-83A8-63B8634FD7C2}.Debug|Any CPU.ActiveCfg = Debug|Any CPU
		{3F96A37C-7E37-48CE-83A8-63B8634FD7C2}.Debug|Any CPU.Build.0 = Debug|Any CPU
		{3F96A37C-7E37-48CE-83A8-63B8634FD7C2}.Release|Any CPU.ActiveCfg = Release|Any CPU
		{3F96A37C-7E37-48CE-83A8-63B8634FD7C2}.Release|Any CPU.Build.0 = Release|Any CPU
		{2412D125-825C-449B-B2F1-E3E7A769985F}.Debug|Any CPU.ActiveCfg = Debug|Any CPU
		{2412D125-825C-449B-B2F1-E3E7A769985F}.Debug|Any CPU.Build.0 = Debug|Any CPU
		{2412D125-825C-449B-B2F1-E3E7A769985F}.Release|Any CPU.ActiveCfg = Release|Any CPU
		{2412D125-825C-449B-B2F1-E3E7A769985F}.Release|Any CPU.Build.0 = Release|Any CPU
		{2889717B-AE27-4205-AB80-56ED0EDE57E0}.Debug|Any CPU.ActiveCfg = Debug|Any CPU
		{2889717B-AE27-4205-AB80-56ED0EDE57E0}.Debug|Any CPU.Build.0 = Debug|Any CPU
		{2889717B-AE27-4205-AB80-56ED0EDE57E0}.Release|Any CPU.ActiveCfg = Release|Any CPU
		{2889717B-AE27-4205-AB80-56ED0EDE57E0}.Release|Any CPU.Build.0 = Release|Any CPU
		{F5ADEF88-537E-4C62-BC7B-350504E22209}.Debug|Any CPU.ActiveCfg = Debug|Any CPU
		{F5ADEF88-537E-4C62-BC7B-350504E22209}.Debug|Any CPU.Build.0 = Debug|Any CPU
		{F5ADEF88-537E-4C62-BC7B-350504E22209}.Release|Any CPU.ActiveCfg = Release|Any CPU
		{F5ADEF88-537E-4C62-BC7B-350504E22209}.Release|Any CPU.Build.0 = Release|Any CPU
		{B4E60EF9-17E6-4236-8659-905DF5BCAE02}.Debug|Any CPU.ActiveCfg = Debug|Any CPU
		{B4E60EF9-17E6-4236-8659-905DF5BCAE02}.Debug|Any CPU.Build.0 = Debug|Any CPU
		{B4E60EF9-17E6-4236-8659-905DF5BCAE02}.Release|Any CPU.ActiveCfg = Release|Any CPU
		{B4E60EF9-17E6-4236-8659-905DF5BCAE02}.Release|Any CPU.Build.0 = Release|Any CPU
		{17EC23E8-8053-4CC7-971D-70164C619FC9}.Debug|Any CPU.ActiveCfg = Debug|Any CPU
		{17EC23E8-8053-4CC7-971D-70164C619FC9}.Debug|Any CPU.Build.0 = Debug|Any CPU
		{17EC23E8-8053-4CC7-971D-70164C619FC9}.Release|Any CPU.ActiveCfg = Release|Any CPU
		{17EC23E8-8053-4CC7-971D-70164C619FC9}.Release|Any CPU.Build.0 = Release|Any CPU
	EndGlobalSection
	GlobalSection(SolutionProperties) = preSolution
		HideSolutionNode = FALSE
	EndGlobalSection
	GlobalSection(NestedProjects) = preSolution
		{C030F29C-274B-4265-A13E-39DBEB72B587} = {BFD2BCAD-80BE-412D-9A88-F8A12D7A1A63}
		{F571BC3F-EC15-4AB2-8032-5901A445CFA7} = {684AF70C-2A77-4F70-9FCE-B578F06C0048}
		{6042651E-D6DA-41F8-82B9-15221D7FAB25} = {684AF70C-2A77-4F70-9FCE-B578F06C0048}
		{28CCF011-6E43-45D2-B23F-29B22F613B2A} = {BFD2BCAD-80BE-412D-9A88-F8A12D7A1A63}
		{D1D2C529-A95C-45D2-B270-C338A7602A25} = {C030F29C-274B-4265-A13E-39DBEB72B587}
		{3F96A37C-7E37-48CE-83A8-63B8634FD7C2} = {28CCF011-6E43-45D2-B23F-29B22F613B2A}
		{2412D125-825C-449B-B2F1-E3E7A769985F} = {6042651E-D6DA-41F8-82B9-15221D7FAB25}
		{2889717B-AE27-4205-AB80-56ED0EDE57E0} = {F571BC3F-EC15-4AB2-8032-5901A445CFA7}
		{48B69EF1-2DF5-4920-B9F6-D13E31DBD93C} = {C0FAE160-825F-43DE-966F-AF0F590D43FC}
		{B179A245-54A3-4568-B848-F65A5BC42651} = {C0FAE160-825F-43DE-966F-AF0F590D43FC}
		{F5ADEF88-537E-4C62-BC7B-350504E22209} = {48B69EF1-2DF5-4920-B9F6-D13E31DBD93C}
		{728524A4-713F-4946-9376-D6F1D08932D1} = {4F46CE1F-CA3D-4B3D-9930-1BB9A7887539}
		{B4E60EF9-17E6-4236-8659-905DF5BCAE02} = {B179A245-54A3-4568-B848-F65A5BC42651}
		{17EC23E8-8053-4CC7-971D-70164C619FC9} = {728524A4-713F-4946-9376-D6F1D08932D1}
	EndGlobalSection
	GlobalSection(ExtensibilityGlobals) = postSolution
		SolutionGuid = {29C87DD8-2F8C-4518-B226-8D51E9941A86}
	EndGlobalSection
EndGlobal
